
Microsoft Visual Studio Solution File, Format Version 12.00
# Visual Studio Version 17
VisualStudioVersion = 17.4.33110.190
MinimumVisualStudioVersion = 10.0.40219.1
Project("{FAE04EC0-301F-11D3-BF4B-00C04F79EFBC}") = "Clock", "Clock\Clock.csproj", "{76DC4923-EBAE-453A-BE6F-2BEA870E1D7B}"
EndProject
Global
	GlobalSection(SolutionConfigurationPlatforms) = preSolution
		Debug|Any CPU = Debug|Any CPU
		Release|Any CPU = Release|Any CPU
	EndGlobalSection
	GlobalSection(ProjectConfigurationPlatforms) = postSolution
		{76DC4923-EBAE-453A-BE6F-2BEA870E1D7B}.Debug|Any CPU.ActiveCfg = Debug|Any CPU
		{76DC4923-EBAE-453A-BE6F-2BEA870E1D7B}.Debug|Any CPU.Build.0 = Debug|Any CPU
		{76DC4923-EBAE-453A-BE6F-2BEA870E1D7B}.Release|Any CPU.ActiveCfg = Release|Any CPU
		{76DC4923-EBAE-453A-BE6F-2BEA870E1D7B}.Release|Any CPU.Build.0 = Release|Any CPU
	EndGlobalSection
	GlobalSection(SolutionProperties) = preSolution
		HideSolutionNode = FALSE
	EndGlobalSection
	GlobalSection(ExtensibilityGlobals) = postSolution
		SolutionGuid = {AF646E89-1B64-4673-AAA2-A279C15768D8}
	EndGlobalSection
EndGlobal
